<?xml version="1.0" encoding="UTF-8" standalone="yes" ?>
<CodeBlocks_project_file>
	<FileVersion major="1" minor="6" />
	<Project>
		<Option title="NetworkTests" />
		<Option pch_mode="2" />
		<Option compiler="gcc" />
		<Build>
			<Target title="Debug">
				<Option output="bin/Debug/NetworkTests" prefix_auto="1" extension_auto="1" />
				<Option object_output="obj/Debug/" />
				<Option type="1" />
				<Option compiler="gcc" />
				<Compiler>
					<Add option="-g" />
					<Add directory="../.." />
				</Compiler>
				<Linker>
					<Add library="SDL" />
				</Linker>
			</Target>
		</Build>
		<Compiler>
			<Add option="-Wall" />
		</Compiler>
		<Unit filename="../../Base/Base.h" />
		<Unit filename="../../Base/Log.cpp" />
		<Unit filename="../../Base/Log.h" />
		<Unit filename="../../Base/Timestamp.cpp" />
		<Unit filename="../../Base/Timestamp.h" />
		<Unit filename="../../Network/ClientProvider.cpp" />
		<Unit filename="../../Network/ClientProvider.h" />
		<Unit filename="../../Network/ConnectionBuffer.cpp" />
		<Unit filename="../../Network/ConnectionBuffer.h" />
		<Unit filename="../../Network/ConnectionProvider.cpp" />
		<Unit filename="../../Network/ConnectionProvider.h" />
		<Unit filename="../../Network/ListenSocket.cpp" />
		<Unit filename="../../Network/ListenSocket.h" />
		<Unit filename="../../Network/MultiConnectionProvider.cpp" />
		<Unit filename="../../Network/MultiConnectionProvider.h" />
		<Unit filename="../../Network/NetAddress.cpp" />
		<Unit filename="../../Network/NetAddress.h" />
		<Unit filename="../../Network/Packet.cpp" />
		<Unit filename="../../Network/Packet.h" />
		<Unit filename="../../Network/ServerProvider.cpp" />
		<Unit filename="../../Network/ServerProvider.h" />
		<Unit filename="../../Network/SimpleUDPProvider.cpp" />
		<Unit filename="../../Network/SimpleUDPProvider.h" />
		<Unit filename="../../Network/Socket.cpp" />
		<Unit filename="../../Network/Socket.h" />
		<Unit filename="../../Network/SocketedUDPProvider.cpp" />
		<Unit filename="../../Network/SocketedUDPProvider.h" />
		<Unit filename="../../Network/TCPBuffer.cpp" />
		<Unit filename="../../Network/TCPBuffer.h" />
		<Unit filename="../../Network/TCPSocket.cpp" />
		<Unit filename="../../Network/TCPSocket.h" />
		<Unit filename="../../Network/UDPBuffer.cpp" />
		<Unit filename="../../Network/UDPBuffer.h" />
		<Unit filename="../../Network/UDPSocket.cpp" />
		<Unit filename="../../Network/UDPSocket.h" />
		<Unit filename="NetworkTests.cpp" />
		<Extensions>
			<code_completion />
			<debugger />
		</Extensions>
	</Project>
</CodeBlocks_project_file>
