<?xml version="1.0" encoding="utf-8"?>
<Project ToolsVersion="4.0" xmlns="http://schemas.microsoft.com/developer/msbuild/2003">
  <ItemGroup>
    <Filter Include="Resource Files">
      <UniqueIdentifier>{67DA6AB6-F800-4c08-8B7A-83BB121AAD01}</UniqueIdentifier>
      <Extensions>rc;ico;cur;bmp;dlg;rc2;rct;bin;rgs;gif;jpg;jpeg;jpe;resx;tiff;tif;png;wav;mfcribbon-ms</Extensions>
    </Filter>
    <Filter Include="Ghastly">
      <UniqueIdentifier>{6766a61c-a586-4ef7-80dd-217ed03d2763}</UniqueIdentifier>
    </Filter>
    <Filter Include="Ghastly\Network">
      <UniqueIdentifier>{d7464684-9bf3-4adc-8347-9073dae14168}</UniqueIdentifier>
    </Filter>
    <Filter Include="Ghastly\Base">
      <UniqueIdentifier>{3dab3cde-61fd-4c2a-93a4-fd87f4e4493f}</UniqueIdentifier>
    </Filter>
  </ItemGroup>
  <ItemGroup>
    <ClCompile Include="..\..\Network\NetAddress.cpp">
      <Filter>Ghastly\Network</Filter>
    </ClCompile>
    <ClCompile Include="..\..\Network\UDPSocket.cpp">
      <Filter>Ghastly\Network</Filter>
    </ClCompile>
    <ClCompile Include="..\..\Network\NetInterface.cpp">
      <Filter>Ghastly\Network</Filter>
    </ClCompile>
    <ClCompile Include="..\..\Network\Socket.cpp">
      <Filter>Ghastly\Network</Filter>
    </ClCompile>
    <ClCompile Include="..\..\Network\UDPInterface.cpp">
      <Filter>Ghastly\Network</Filter>
    </ClCompile>
    <ClCompile Include="..\..\Base\Log.cpp">
      <Filter>Ghastly\Base</Filter>
    </ClCompile>
    <ClCompile Include="..\..\Network\PacketListener.cpp">
      <Filter>Ghastly\Network</Filter>
    </ClCompile>
    <ClCompile Include="GhastlyProtocolTests.cpp" />
  </ItemGroup>
  <ItemGroup>
    <ClInclude Include="..\..\Network\UDPSocket.h">
      <Filter>Ghastly\Network</Filter>
    </ClInclude>
    <ClInclude Include="..\..\Network\GhastlyProtocol.h">
      <Filter>Ghastly\Network</Filter>
    </ClInclude>
    <ClInclude Include="..\..\Network\NetAddress.h">
      <Filter>Ghastly\Network</Filter>
    </ClInclude>
    <ClInclude Include="..\..\Network\NetInterface.h">
      <Filter>Ghastly\Network</Filter>
    </ClInclude>
    <ClInclude Include="..\..\Network\Socket.h">
      <Filter>Ghastly\Network</Filter>
    </ClInclude>
    <ClInclude Include="..\..\Network\UDPInterface.h">
      <Filter>Ghastly\Network</Filter>
    </ClInclude>
    <ClInclude Include="..\..\Base\Base.h">
      <Filter>Ghastly\Base</Filter>
    </ClInclude>
    <ClInclude Include="..\..\Base\Log.h">
      <Filter>Ghastly\Base</Filter>
    </ClInclude>
    <ClInclude Include="..\..\Network\PacketListener.h">
      <Filter>Ghastly\Network</Filter>
    </ClInclude>
  </ItemGroup>
</Project>